
Microsoft Visual Studio Solution File, Format Version 12.00
# Visual Studio Version 17
VisualStudioVersion = 17.8.34309.116
MinimumVisualStudioVersion = 10.0.40219.1
Project("{8BC9CEB8-8B4A-11D0-8D11-00A0C91BC942}") = "exista_noduri_cu_sumaS", "exista_noduri_cu_sumaS\exista_noduri_cu_sumaS.vcxproj", "{6504D4EC-A15D-48E9-8417-D938264B9F15}"
EndProject
Global
	GlobalSection(SolutionConfigurationPlatforms) = preSolution
		Debug|x64 = Debug|x64
		Debug|x86 = Debug|x86
		Release|x64 = Release|x64
		Release|x86 = Release|x86
	EndGlobalSection
	GlobalSection(ProjectConfigurationPlatforms) = postSolution
		{6504D4EC-A15D-48E9-8417-D938264B9F15}.Debug|x64.ActiveCfg = Debug|x64
		{6504D4EC-A15D-48E9-8417-D938264B9F15}.Debug|x64.Build.0 = Debug|x64
		{6504D4EC-A15D-48E9-8417-D938264B9F15}.Debug|x86.ActiveCfg = Debug|Win32
		{6504D4EC-A15D-48E9-8417-D938264B9F15}.Debug|x86.Build.0 = Debug|Win32
		{6504D4EC-A15D-48E9-8417-D938264B9F15}.Release|x64.ActiveCfg = Release|x64
		{6504D4EC-A15D-48E9-8417-D938264B9F15}.Release|x64.Build.0 = Release|x64
		{6504D4EC-A15D-48E9-8417-D938264B9F15}.Release|x86.ActiveCfg = Release|Win32
		{6504D4EC-A15D-48E9-8417-D938264B9F15}.Release|x86.Build.0 = Release|Win32
	EndGlobalSection
	GlobalSection(SolutionProperties) = preSolution
		HideSolutionNode = FALSE
	EndGlobalSection
	GlobalSection(ExtensibilityGlobals) = postSolution
		SolutionGuid = {7B06A742-87E3-4B3A-81E3-F8CE51F5EF70}
	EndGlobalSection
EndGlobal
