
Microsoft Visual Studio Solution File, Format Version 12.00
# Visual Studio Version 17
VisualStudioVersion = 17.8.34309.116
MinimumVisualStudioVersion = 10.0.40219.1
Project("{8BC9CEB8-8B4A-11D0-8D11-00A0C91BC942}") = "arbore_din_cuv", "arbore_din_cuv\arbore_din_cuv.vcxproj", "{6592695C-5995-489B-BE95-026F644F5E40}"
EndProject
Global
	GlobalSection(SolutionConfigurationPlatforms) = preSolution
		Debug|x64 = Debug|x64
		Debug|x86 = Debug|x86
		Release|x64 = Release|x64
		Release|x86 = Release|x86
	EndGlobalSection
	GlobalSection(ProjectConfigurationPlatforms) = postSolution
		{6592695C-5995-489B-BE95-026F644F5E40}.Debug|x64.ActiveCfg = Debug|x64
		{6592695C-5995-489B-BE95-026F644F5E40}.Debug|x64.Build.0 = Debug|x64
		{6592695C-5995-489B-BE95-026F644F5E40}.Debug|x86.ActiveCfg = Debug|Win32
		{6592695C-5995-489B-BE95-026F644F5E40}.Debug|x86.Build.0 = Debug|Win32
		{6592695C-5995-489B-BE95-026F644F5E40}.Release|x64.ActiveCfg = Release|x64
		{6592695C-5995-489B-BE95-026F644F5E40}.Release|x64.Build.0 = Release|x64
		{6592695C-5995-489B-BE95-026F644F5E40}.Release|x86.ActiveCfg = Release|Win32
		{6592695C-5995-489B-BE95-026F644F5E40}.Release|x86.Build.0 = Release|Win32
	EndGlobalSection
	GlobalSection(SolutionProperties) = preSolution
		HideSolutionNode = FALSE
	EndGlobalSection
	GlobalSection(ExtensibilityGlobals) = postSolution
		SolutionGuid = {7EABCF38-090C-4038-9945-7955F291E829}
	EndGlobalSection
EndGlobal
