
Microsoft Visual Studio Solution File, Format Version 12.00
# Visual Studio Version 17
VisualStudioVersion = 17.8.34309.116
MinimumVisualStudioVersion = 10.0.40219.1
Project("{8BC9CEB8-8B4A-11D0-8D11-00A0C91BC942}") = "Lab2_1", "Lab2_1\Lab2_1.vcxproj", "{BD9FC5B7-3934-4530-B4EE-4800C69748CA}"
EndProject
Global
	GlobalSection(SolutionConfigurationPlatforms) = preSolution
		Debug|x64 = Debug|x64
		Debug|x86 = Debug|x86
		Release|x64 = Release|x64
		Release|x86 = Release|x86
	EndGlobalSection
	GlobalSection(ProjectConfigurationPlatforms) = postSolution
		{BD9FC5B7-3934-4530-B4EE-4800C69748CA}.Debug|x64.ActiveCfg = Debug|x64
		{BD9FC5B7-3934-4530-B4EE-4800C69748CA}.Debug|x64.Build.0 = Debug|x64
		{BD9FC5B7-3934-4530-B4EE-4800C69748CA}.Debug|x86.ActiveCfg = Debug|Win32
		{BD9FC5B7-3934-4530-B4EE-4800C69748CA}.Debug|x86.Build.0 = Debug|Win32
		{BD9FC5B7-3934-4530-B4EE-4800C69748CA}.Release|x64.ActiveCfg = Release|x64
		{BD9FC5B7-3934-4530-B4EE-4800C69748CA}.Release|x64.Build.0 = Release|x64
		{BD9FC5B7-3934-4530-B4EE-4800C69748CA}.Release|x86.ActiveCfg = Release|Win32
		{BD9FC5B7-3934-4530-B4EE-4800C69748CA}.Release|x86.Build.0 = Release|Win32
	EndGlobalSection
	GlobalSection(SolutionProperties) = preSolution
		HideSolutionNode = FALSE
	EndGlobalSection
	GlobalSection(ExtensibilityGlobals) = postSolution
		SolutionGuid = {01FBFE5E-A298-4E3F-BE21-19C1422AA16D}
	EndGlobalSection
EndGlobal
